// !$*UTF8*$!
{
	archiveVersion = 1;
	classes = {
	};
	objectVersion = 54;
	objects = {

/* Begin PBXBuildFile section */
		191B4D18291C0860005235A7 /* DoneCardTableViewCell.swift in Sources */ = {isa = PBXBuildFile; fileRef = 191B4D16291C0860005235A7 /* DoneCardTableViewCell.swift */; };
		191B4D19291C0860005235A7 /* DoneCardTableViewCell.xib in Resources */ = {isa = PBXBuildFile; fileRef = 191B4D17291C0860005235A7 /* DoneCardTableViewCell.xib */; };
		191B4D1C291C086E005235A7 /* AddTaskTableViewCell.xib in Resources */ = {isa = PBXBuildFile; fileRef = 191B4D1A291C086E005235A7 /* AddTaskTableViewCell.xib */; };
		191B4D1D291C086E005235A7 /* AddTaskTableViewCell.swift in Sources */ = {isa = PBXBuildFile; fileRef = 191B4D1B291C086E005235A7 /* AddTaskTableViewCell.swift */; };
		191B4D22291C094C005235A7 /* SettingsTableViewCell.swift in Sources */ = {isa = PBXBuildFile; fileRef = 191B4D20291C094C005235A7 /* SettingsTableViewCell.swift */; };
		191B4D23291C094C005235A7 /* SettingsTableViewCell.xib in Resources */ = {isa = PBXBuildFile; fileRef = 191B4D21291C094C005235A7 /* SettingsTableViewCell.xib */; };
		1928958E2607D7A000EC96FC /* WidgetKit.framework in Frameworks */ = {isa = PBXBuildFile; fileRef = 1928958D2607D7A000EC96FC /* WidgetKit.framework */; };
		192895902607D7A000EC96FC /* SwiftUI.framework in Frameworks */ = {isa = PBXBuildFile; fileRef = 1928958F2607D7A000EC96FC /* SwiftUI.framework */; };
		192895932607D7A000EC96FC /* DayPlannerSmallWidgets.swift in Sources */ = {isa = PBXBuildFile; fileRef = 192895922607D7A000EC96FC /* DayPlannerSmallWidgets.swift */; };
		192895962607D7A300EC96FC /* Assets.xcassets in Resources */ = {isa = PBXBuildFile; fileRef = 192895952607D7A300EC96FC /* Assets.xcassets */; };
		192895982607D7A300EC96FC /* DayPlannerSmallWidgets.intentdefinition in Sources */ = {isa = PBXBuildFile; fileRef = 192895942607D7A000EC96FC /* DayPlannerSmallWidgets.intentdefinition */; };
		192895992607D7A300EC96FC /* DayPlannerSmallWidgets.intentdefinition in Sources */ = {isa = PBXBuildFile; fileRef = 192895942607D7A000EC96FC /* DayPlannerSmallWidgets.intentdefinition */; };
		1928959C2607D7A300EC96FC /* DayPlannerSmallWidgetsExtension.appex in Embed App Extensions */ = {isa = PBXBuildFile; fileRef = 1928958B2607D7A000EC96FC /* DayPlannerSmallWidgetsExtension.appex */; settings = {ATTRIBUTES = (RemoveHeadersOnCopy, ); }; };
		192895A92607EA2500EC96FC /* DisplayType.swift in Sources */ = {isa = PBXBuildFile; fileRef = 198C45AA26060E4200461F27 /* DisplayType.swift */; };
		192895AC2607EA2800EC96FC /* data.swift in Sources */ = {isa = PBXBuildFile; fileRef = 1989FA1026013AA50008E943 /* data.swift */; };
		192895AF2607EA2A00EC96FC /* PlanCard.swift in Sources */ = {isa = PBXBuildFile; fileRef = 194BAAF825FECF3B00129C23 /* PlanCard.swift */; };
		194BAAF225FECD9800129C23 /* DoneCardTVCell.swift in Sources */ = {isa = PBXBuildFile; fileRef = 194BAAF125FECD9800129C23 /* DoneCardTVCell.swift */; };
		194BAAF925FECF3B00129C23 /* PlanCard.swift in Sources */ = {isa = PBXBuildFile; fileRef = 194BAAF825FECF3B00129C23 /* PlanCard.swift */; };
		1955089B29214720005A94C5 /* Poppins-Thin.ttf in Resources */ = {isa = PBXBuildFile; fileRef = 196DCD2A261010AC0021F937 /* Poppins-Thin.ttf */; };
		1955089C29214720005A94C5 /* Poppins-Bold.ttf in Resources */ = {isa = PBXBuildFile; fileRef = 196DCD1E261010A90021F937 /* Poppins-Bold.ttf */; };
		1955089D29214720005A94C5 /* Poppins-ExtraBoldItalic.ttf in Resources */ = {isa = PBXBuildFile; fileRef = 196DCD23261010AA0021F937 /* Poppins-ExtraBoldItalic.ttf */; };
		1955089E29214720005A94C5 /* Poppins-Italic.ttf in Resources */ = {isa = PBXBuildFile; fileRef = 196DCD1B261010A80021F937 /* Poppins-Italic.ttf */; };
		1955089F29214720005A94C5 /* Poppins-SemiBoldItalic.ttf in Resources */ = {isa = PBXBuildFile; fileRef = 196DCD22261010AA0021F937 /* Poppins-SemiBoldItalic.ttf */; };
		195508A029214720005A94C5 /* OFL.txt in Resources */ = {isa = PBXBuildFile; fileRef = 196DCD1A261010A80021F937 /* OFL.txt */; };
		195508A129214720005A94C5 /* Poppins-ExtraLightItalic.ttf in Resources */ = {isa = PBXBuildFile; fileRef = 196DCD2C261010AD0021F937 /* Poppins-ExtraLightItalic.ttf */; };
		195508A229214720005A94C5 /* Poppins-BlackItalic.ttf in Resources */ = {isa = PBXBuildFile; fileRef = 196DCD1F261010A90021F937 /* Poppins-BlackItalic.ttf */; };
		195508A329214720005A94C5 /* Poppins-Light.ttf in Resources */ = {isa = PBXBuildFile; fileRef = 196DCD25261010AB0021F937 /* Poppins-Light.ttf */; };
		195508A429214720005A94C5 /* Poppins-Medium.ttf in Resources */ = {isa = PBXBuildFile; fileRef = 196DCD26261010AB0021F937 /* Poppins-Medium.ttf */; };
		195508A529214720005A94C5 /* Poppins-BoldItalic.ttf in Resources */ = {isa = PBXBuildFile; fileRef = 196DCD1D261010A90021F937 /* Poppins-BoldItalic.ttf */; };
		195508A629214720005A94C5 /* Poppins-SemiBold.ttf in Resources */ = {isa = PBXBuildFile; fileRef = 196DCD29261010AC0021F937 /* Poppins-SemiBold.ttf */; };
		195508A729214720005A94C5 /* Poppins-MediumItalic.ttf in Resources */ = {isa = PBXBuildFile; fileRef = 196DCD21261010AA0021F937 /* Poppins-MediumItalic.ttf */; };
		195508A829214720005A94C5 /* Poppins-ExtraLight.ttf in Resources */ = {isa = PBXBuildFile; fileRef = 196DCD24261010AA0021F937 /* Poppins-ExtraLight.ttf */; };
		195508A929214720005A94C5 /* Poppins-Regular.ttf in Resources */ = {isa = PBXBuildFile; fileRef = 196DCD28261010AC0021F937 /* Poppins-Regular.ttf */; };
		195508AA29214720005A94C5 /* Poppins-ThinItalic.ttf in Resources */ = {isa = PBXBuildFile; fileRef = 196DCD2B261010AD0021F937 /* Poppins-ThinItalic.ttf */; };
		195508AB29214720005A94C5 /* Poppins-LightItalic.ttf in Resources */ = {isa = PBXBuildFile; fileRef = 196DCD20261010AA0021F937 /* Poppins-LightItalic.ttf */; };
		195508AC29214720005A94C5 /* Poppins-Black.ttf in Resources */ = {isa = PBXBuildFile; fileRef = 196DCD1C261010A90021F937 /* Poppins-Black.ttf */; };
		195508AD29214720005A94C5 /* Poppins-ExtraBold.ttf in Resources */ = {isa = PBXBuildFile; fileRef = 196DCD27261010AB0021F937 /* Poppins-ExtraBold.ttf */; };
		1964F6E925FC3F5500DC694B /* AppDelegate.swift in Sources */ = {isa = PBXBuildFile; fileRef = 1964F6E825FC3F5500DC694B /* AppDelegate.swift */; };
		1964F6EB25FC3F5500DC694B /* SceneDelegate.swift in Sources */ = {isa = PBXBuildFile; fileRef = 1964F6EA25FC3F5500DC694B /* SceneDelegate.swift */; };
		1964F6ED25FC3F5500DC694B /* ViewController.swift in Sources */ = {isa = PBXBuildFile; fileRef = 1964F6EC25FC3F5500DC694B /* ViewController.swift */; };
		1964F6F025FC3F5500DC694B /* Main.storyboard in Resources */ = {isa = PBXBuildFile; fileRef = 1964F6EE25FC3F5500DC694B /* Main.storyboard */; };
		1964F6F225FC3F5800DC694B /* Assets.xcassets in Resources */ = {isa = PBXBuildFile; fileRef = 1964F6F125FC3F5800DC694B /* Assets.xcassets */; };
		1964F6F525FC3F5800DC694B /* LaunchScreen.storyboard in Resources */ = {isa = PBXBuildFile; fileRef = 1964F6F325FC3F5800DC694B /* LaunchScreen.storyboard */; };
		1964F70325FC451600DC694B /* TextField+Extention.swift in Sources */ = {isa = PBXBuildFile; fileRef = 1964F70225FC451600DC694B /* TextField+Extention.swift */; };
		1964F70725FC453100DC694B /* ExtentionLocalize.swift in Sources */ = {isa = PBXBuildFile; fileRef = 1964F70625FC453100DC694B /* ExtentionLocalize.swift */; };
		1964F70A25FC454200DC694B /* EXTInternet.swift in Sources */ = {isa = PBXBuildFile; fileRef = 1964F70925FC454100DC694B /* EXTInternet.swift */; };
		1964F70D25FC454E00DC694B /* EXTAlert.swift in Sources */ = {isa = PBXBuildFile; fileRef = 1964F70C25FC454E00DC694B /* EXTAlert.swift */; };
		1964F71425FC461A00DC694B /* Shared.swift in Sources */ = {isa = PBXBuildFile; fileRef = 1964F71325FC461A00DC694B /* Shared.swift */; };
		1964F71725FC462800DC694B /* SalmanLocalize.swift in Sources */ = {isa = PBXBuildFile; fileRef = 1964F71625FC462800DC694B /* SalmanLocalize.swift */; };
		1964F71A25FC479700DC694B /* style.swift in Sources */ = {isa = PBXBuildFile; fileRef = 1964F71925FC479700DC694B /* style.swift */; };
		1964F71D25FC55F900DC694B /* AddTaskTVCell.swift in Sources */ = {isa = PBXBuildFile; fileRef = 1964F71C25FC55F900DC694B /* AddTaskTVCell.swift */; };
		196DCDC0261016330021F937 /* Poppins-BoldItalic.ttf in Resources */ = {isa = PBXBuildFile; fileRef = 196DCD1D261010A90021F937 /* Poppins-BoldItalic.ttf */; };
		196DCDC1261016330021F937 /* Poppins-Black.ttf in Resources */ = {isa = PBXBuildFile; fileRef = 196DCD1C261010A90021F937 /* Poppins-Black.ttf */; };
		196DCDC2261016330021F937 /* Poppins-ThinItalic.ttf in Resources */ = {isa = PBXBuildFile; fileRef = 196DCD2B261010AD0021F937 /* Poppins-ThinItalic.ttf */; };
		196DCDC3261016330021F937 /* Poppins-BlackItalic.ttf in Resources */ = {isa = PBXBuildFile; fileRef = 196DCD1F261010A90021F937 /* Poppins-BlackItalic.ttf */; };
		196DCDC4261016330021F937 /* Poppins-SemiBold.ttf in Resources */ = {isa = PBXBuildFile; fileRef = 196DCD29261010AC0021F937 /* Poppins-SemiBold.ttf */; };
		196DCDC5261016330021F937 /* Poppins-ExtraBoldItalic.ttf in Resources */ = {isa = PBXBuildFile; fileRef = 196DCD23261010AA0021F937 /* Poppins-ExtraBoldItalic.ttf */; };
		196DCDC6261016330021F937 /* Poppins-Regular.ttf in Resources */ = {isa = PBXBuildFile; fileRef = 196DCD28261010AC0021F937 /* Poppins-Regular.ttf */; };
		196DCDC7261016330021F937 /* Poppins-Medium.ttf in Resources */ = {isa = PBXBuildFile; fileRef = 196DCD26261010AB0021F937 /* Poppins-Medium.ttf */; };
		196DCDC8261016330021F937 /* OFL.txt in Resources */ = {isa = PBXBuildFile; fileRef = 196DCD1A261010A80021F937 /* OFL.txt */; };
		196DCDC9261016330021F937 /* Poppins-Bold.ttf in Resources */ = {isa = PBXBuildFile; fileRef = 196DCD1E261010A90021F937 /* Poppins-Bold.ttf */; };
		196DCDCA261016330021F937 /* Poppins-ExtraLight.ttf in Resources */ = {isa = PBXBuildFile; fileRef = 196DCD24261010AA0021F937 /* Poppins-ExtraLight.ttf */; };
		196DCDCB261016330021F937 /* Poppins-ExtraLightItalic.ttf in Resources */ = {isa = PBXBuildFile; fileRef = 196DCD2C261010AD0021F937 /* Poppins-ExtraLightItalic.ttf */; };
		196DCDCC261016330021F937 /* Poppins-Italic.ttf in Resources */ = {isa = PBXBuildFile; fileRef = 196DCD1B261010A80021F937 /* Poppins-Italic.ttf */; };
		196DCDCD261016330021F937 /* Poppins-Thin.ttf in Resources */ = {isa = PBXBuildFile; fileRef = 196DCD2A261010AC0021F937 /* Poppins-Thin.ttf */; };
		196DCDCE261016330021F937 /* Poppins-ExtraBold.ttf in Resources */ = {isa = PBXBuildFile; fileRef = 196DCD27261010AB0021F937 /* Poppins-ExtraBold.ttf */; };
		196DCDCF261016330021F937 /* Poppins-Light.ttf in Resources */ = {isa = PBXBuildFile; fileRef = 196DCD25261010AB0021F937 /* Poppins-Light.ttf */; };
		196DCDD0261016330021F937 /* Poppins-SemiBoldItalic.ttf in Resources */ = {isa = PBXBuildFile; fileRef = 196DCD22261010AA0021F937 /* Poppins-SemiBoldItalic.ttf */; };
		196DCDD1261016330021F937 /* Poppins-MediumItalic.ttf in Resources */ = {isa = PBXBuildFile; fileRef = 196DCD21261010AA0021F937 /* Poppins-MediumItalic.ttf */; };
		196DCDD2261016330021F937 /* Poppins-LightItalic.ttf in Resources */ = {isa = PBXBuildFile; fileRef = 196DCD20261010AA0021F937 /* Poppins-LightItalic.ttf */; };
		1974A1FB291BEE90006B1B86 /* R.generated.swift in Sources */ = {isa = PBXBuildFile; fileRef = 1974A1FA291BEE90006B1B86 /* R.generated.swift */; };
		1989FA1126013AA50008E943 /* data.swift in Sources */ = {isa = PBXBuildFile; fileRef = 1989FA1026013AA50008E943 /* data.swift */; };
		198C459D2605F3F900461F27 /* DayPlanCardWithLeftTopOnCardTVCell.swift in Sources */ = {isa = PBXBuildFile; fileRef = 198C459C2605F3F900461F27 /* DayPlanCardWithLeftTopOnCardTVCell.swift */; };
		198C45AB26060E4200461F27 /* DisplayType.swift in Sources */ = {isa = PBXBuildFile; fileRef = 198C45AA26060E4200461F27 /* DisplayType.swift */; };
		19CDDBEB25FD789800686C09 /* GlobalTaskSettingsVC.swift in Sources */ = {isa = PBXBuildFile; fileRef = 19CDDBEA25FD789800686C09 /* GlobalTaskSettingsVC.swift */; };
		19CDDBEE25FD7A4B00686C09 /* OnClickTVCell.swift in Sources */ = {isa = PBXBuildFile; fileRef = 19CDDBED25FD7A4B00686C09 /* OnClickTVCell.swift */; };
		19CDDBF125FD7C0E00686C09 /* AlwaysOnTVCell.swift in Sources */ = {isa = PBXBuildFile; fileRef = 19CDDBF025FD7C0E00686C09 /* AlwaysOnTVCell.swift */; };
		19CDDBF825FD885900686C09 /* NewTaskVC.swift in Sources */ = {isa = PBXBuildFile; fileRef = 19CDDBF725FD885900686C09 /* NewTaskVC.swift */; };
		19DFCC7B2602537E00F00EC7 /* NewTaskNC.swift in Sources */ = {isa = PBXBuildFile; fileRef = 19DFCC7A2602537E00F00EC7 /* NewTaskNC.swift */; };
		19E7D92A291C0A5E00504213 /* DayPlanCardLeftTopOnCardTableViewCell.swift in Sources */ = {isa = PBXBuildFile; fileRef = 19E7D928291C0A5E00504213 /* DayPlanCardLeftTopOnCardTableViewCell.swift */; };
		19E7D92B291C0A5E00504213 /* DayPlanCardLeftTopOnCardTableViewCell.xib in Resources */ = {isa = PBXBuildFile; fileRef = 19E7D929291C0A5E00504213 /* DayPlanCardLeftTopOnCardTableViewCell.xib */; };
		9B9749DE48A5994F428A75A4 /* Pods_DayPlanner.framework in Frameworks */ = {isa = PBXBuildFile; fileRef = 3FEE7F855E4E6C7C5806C425 /* Pods_DayPlanner.framework */; };
		DD239F4DA75419E36FF82F69 /* Pods_DayPlannerSmallWidgetsExtension.framework in Frameworks */ = {isa = PBXBuildFile; fileRef = 858DBDDF9A7D8B73F73C54A7 /* Pods_DayPlannerSmallWidgetsExtension.framework */; };
/* End PBXBuildFile section */

/* Begin PBXContainerItemProxy section */
		1928959A2607D7A300EC96FC /* PBXContainerItemProxy */ = {
			isa = PBXContainerItemProxy;
			containerPortal = 1964F6DD25FC3F5500DC694B /* Project object */;
			proxyType = 1;
			remoteGlobalIDString = 1928958A2607D7A000EC96FC;
			remoteInfo = DayPlannerSmallWidgetsExtension;
		};
/* End PBXContainerItemProxy section */

/* Begin PBXCopyFilesBuildPhase section */
		1928959D2607D7A300EC96FC /* Embed App Extensions */ = {
			isa = PBXCopyFilesBuildPhase;
			buildActionMask = 12;
			dstPath = "";
			dstSubfolderSpec = 13;
			files = (
				1928959C2607D7A300EC96FC /* DayPlannerSmallWidgetsExtension.appex in Embed App Extensions */,
			);
			name = "Embed App Extensions";
			runOnlyForDeploymentPostprocessing = 0;
		};
/* End PBXCopyFilesBuildPhase section */

/* Begin PBXFileReference section */
		16E6F2DFD79408925892624A /* Pods-DayPlanner.release.xcconfig */ = {isa = PBXFileReference; includeInIndex = 1; lastKnownFileType = text.xcconfig; name = "Pods-DayPlanner.release.xcconfig"; path = "Target Support Files/Pods-DayPlanner/Pods-DayPlanner.release.xcconfig"; sourceTree = "<group>"; };
		191B4D16291C0860005235A7 /* DoneCardTableViewCell.swift */ = {isa = PBXFileReference; fileEncoding = 4; lastKnownFileType = sourcecode.swift; path = DoneCardTableViewCell.swift; sourceTree = "<group>"; };
		191B4D17291C0860005235A7 /* DoneCardTableViewCell.xib */ = {isa = PBXFileReference; fileEncoding = 4; lastKnownFileType = file.xib; path = DoneCardTableViewCell.xib; sourceTree = "<group>"; };
		191B4D1A291C086E005235A7 /* AddTaskTableViewCell.xib */ = {isa = PBXFileReference; fileEncoding = 4; lastKnownFileType = file.xib; path = AddTaskTableViewCell.xib; sourceTree = "<group>"; };
		191B4D1B291C086E005235A7 /* AddTaskTableViewCell.swift */ = {isa = PBXFileReference; fileEncoding = 4; lastKnownFileType = sourcecode.swift; path = AddTaskTableViewCell.swift; sourceTree = "<group>"; };
		191B4D20291C094C005235A7 /* SettingsTableViewCell.swift */ = {isa = PBXFileReference; lastKnownFileType = sourcecode.swift; path = SettingsTableViewCell.swift; sourceTree = "<group>"; };
		191B4D21291C094C005235A7 /* SettingsTableViewCell.xib */ = {isa = PBXFileReference; lastKnownFileType = file.xib; path = SettingsTableViewCell.xib; sourceTree = "<group>"; };
		1928958B2607D7A000EC96FC /* DayPlannerSmallWidgetsExtension.appex */ = {isa = PBXFileReference; explicitFileType = "wrapper.app-extension"; includeInIndex = 0; path = DayPlannerSmallWidgetsExtension.appex; sourceTree = BUILT_PRODUCTS_DIR; };
		1928958D2607D7A000EC96FC /* WidgetKit.framework */ = {isa = PBXFileReference; lastKnownFileType = wrapper.framework; name = WidgetKit.framework; path = System/Library/Frameworks/WidgetKit.framework; sourceTree = SDKROOT; };
		1928958F2607D7A000EC96FC /* SwiftUI.framework */ = {isa = PBXFileReference; lastKnownFileType = wrapper.framework; name = SwiftUI.framework; path = System/Library/Frameworks/SwiftUI.framework; sourceTree = SDKROOT; };
		192895922607D7A000EC96FC /* DayPlannerSmallWidgets.swift */ = {isa = PBXFileReference; lastKnownFileType = sourcecode.swift; path = DayPlannerSmallWidgets.swift; sourceTree = "<group>"; };
		192895942607D7A000EC96FC /* DayPlannerSmallWidgets.intentdefinition */ = {isa = PBXFileReference; lastKnownFileType = file.intentdefinition; path = DayPlannerSmallWidgets.intentdefinition; sourceTree = "<group>"; };
		192895952607D7A300EC96FC /* Assets.xcassets */ = {isa = PBXFileReference; lastKnownFileType = folder.assetcatalog; path = Assets.xcassets; sourceTree = "<group>"; };
		192895972607D7A300EC96FC /* Info.plist */ = {isa = PBXFileReference; lastKnownFileType = text.plist.xml; path = Info.plist; sourceTree = "<group>"; };
		192895A32607E74B00EC96FC /* DayPlannerSmallWidgetsExtension.entitlements */ = {isa = PBXFileReference; lastKnownFileType = text.plist.entitlements; path = DayPlannerSmallWidgetsExtension.entitlements; sourceTree = "<group>"; };
		192895A62607E76000EC96FC /* DayPlanner.entitlements */ = {isa = PBXFileReference; lastKnownFileType = text.plist.entitlements; path = DayPlanner.entitlements; sourceTree = "<group>"; };
		194BAAF125FECD9800129C23 /* DoneCardTVCell.swift */ = {isa = PBXFileReference; lastKnownFileType = sourcecode.swift; path = DoneCardTVCell.swift; sourceTree = "<group>"; };
		194BAAF825FECF3B00129C23 /* PlanCard.swift */ = {isa = PBXFileReference; lastKnownFileType = sourcecode.swift; path = PlanCard.swift; sourceTree = "<group>"; };
		1964F6E525FC3F5500DC694B /* DayPlanner.app */ = {isa = PBXFileReference; explicitFileType = wrapper.application; includeInIndex = 0; path = DayPlanner.app; sourceTree = BUILT_PRODUCTS_DIR; };
		1964F6E825FC3F5500DC694B /* AppDelegate.swift */ = {isa = PBXFileReference; lastKnownFileType = sourcecode.swift; path = AppDelegate.swift; sourceTree = "<group>"; };
		1964F6EA25FC3F5500DC694B /* SceneDelegate.swift */ = {isa = PBXFileReference; lastKnownFileType = sourcecode.swift; path = SceneDelegate.swift; sourceTree = "<group>"; };
		1964F6EC25FC3F5500DC694B /* ViewController.swift */ = {isa = PBXFileReference; lastKnownFileType = sourcecode.swift; path = ViewController.swift; sourceTree = "<group>"; };
		1964F6EF25FC3F5500DC694B /* Base */ = {isa = PBXFileReference; lastKnownFileType = file.storyboard; name = Base; path = Base.lproj/Main.storyboard; sourceTree = "<group>"; };
		1964F6F125FC3F5800DC694B /* Assets.xcassets */ = {isa = PBXFileReference; lastKnownFileType = folder.assetcatalog; path = Assets.xcassets; sourceTree = "<group>"; };
		1964F6F425FC3F5800DC694B /* Base */ = {isa = PBXFileReference; lastKnownFileType = file.storyboard; name = Base; path = Base.lproj/LaunchScreen.storyboard; sourceTree = "<group>"; };
		1964F6F625FC3F5800DC694B /* Info.plist */ = {isa = PBXFileReference; lastKnownFileType = text.plist.xml; path = Info.plist; sourceTree = "<group>"; };
		1964F70225FC451600DC694B /* TextField+Extention.swift */ = {isa = PBXFileReference; fileEncoding = 4; lastKnownFileType = sourcecode.swift; path = "TextField+Extention.swift"; sourceTree = "<group>"; };
		1964F70625FC453100DC694B /* ExtentionLocalize.swift */ = {isa = PBXFileReference; fileEncoding = 4; lastKnownFileType = sourcecode.swift; path = ExtentionLocalize.swift; sourceTree = "<group>"; };
		1964F70925FC454100DC694B /* EXTInternet.swift */ = {isa = PBXFileReference; fileEncoding = 4; lastKnownFileType = sourcecode.swift; path = EXTInternet.swift; sourceTree = "<group>"; };
		1964F70C25FC454E00DC694B /* EXTAlert.swift */ = {isa = PBXFileReference; fileEncoding = 4; lastKnownFileType = sourcecode.swift; path = EXTAlert.swift; sourceTree = "<group>"; };
		1964F71325FC461A00DC694B /* Shared.swift */ = {isa = PBXFileReference; fileEncoding = 4; lastKnownFileType = sourcecode.swift; path = Shared.swift; sourceTree = "<group>"; };
		1964F71625FC462800DC694B /* SalmanLocalize.swift */ = {isa = PBXFileReference; fileEncoding = 4; lastKnownFileType = sourcecode.swift; path = SalmanLocalize.swift; sourceTree = "<group>"; };
		1964F71925FC479700DC694B /* style.swift */ = {isa = PBXFileReference; fileEncoding = 4; lastKnownFileType = sourcecode.swift; path = style.swift; sourceTree = "<group>"; };
		1964F71C25FC55F900DC694B /* AddTaskTVCell.swift */ = {isa = PBXFileReference; lastKnownFileType = sourcecode.swift; path = AddTaskTVCell.swift; sourceTree = "<group>"; };
		196DCD152610107E0021F937 /* SF-Pro-Text-Regular.otf */ = {isa = PBXFileReference; lastKnownFileType = file; path = "SF-Pro-Text-Regular.otf"; sourceTree = "<group>"; };
		196DCD162610107F0021F937 /* SF-Pro-Text-Black 3.otf */ = {isa = PBXFileReference; lastKnownFileType = file; path = "SF-Pro-Text-Black 3.otf"; sourceTree = "<group>"; };
		196DCD172610107F0021F937 /* SF-Pro-Text-Semibold.otf */ = {isa = PBXFileReference; lastKnownFileType = file; path = "SF-Pro-Text-Semibold.otf"; sourceTree = "<group>"; };
		196DCD1A261010A80021F937 /* OFL.txt */ = {isa = PBXFileReference; fileEncoding = 4; lastKnownFileType = text; path = OFL.txt; sourceTree = "<group>"; };
		196DCD1B261010A80021F937 /* Poppins-Italic.ttf */ = {isa = PBXFileReference; lastKnownFileType = file; path = "Poppins-Italic.ttf"; sourceTree = "<group>"; };
		196DCD1C261010A90021F937 /* Poppins-Black.ttf */ = {isa = PBXFileReference; lastKnownFileType = file; path = "Poppins-Black.ttf"; sourceTree = "<group>"; };
		196DCD1D261010A90021F937 /* Poppins-BoldItalic.ttf */ = {isa = PBXFileReference; lastKnownFileType = file; path = "Poppins-BoldItalic.ttf"; sourceTree = "<group>"; };
		196DCD1E261010A90021F937 /* Poppins-Bold.ttf */ = {isa = PBXFileReference; lastKnownFileType = file; path = "Poppins-Bold.ttf"; sourceTree = "<group>"; };
		196DCD1F261010A90021F937 /* Poppins-BlackItalic.ttf */ = {isa = PBXFileReference; lastKnownFileType = file; path = "Poppins-BlackItalic.ttf"; sourceTree = "<group>"; };
		196DCD20261010AA0021F937 /* Poppins-LightItalic.ttf */ = {isa = PBXFileReference; lastKnownFileType = file; path = "Poppins-LightItalic.ttf"; sourceTree = "<group>"; };
		196DCD21261010AA0021F937 /* Poppins-MediumItalic.ttf */ = {isa = PBXFileReference; lastKnownFileType = file; path = "Poppins-MediumItalic.ttf"; sourceTree = "<group>"; };
		196DCD22261010AA0021F937 /* Poppins-SemiBoldItalic.ttf */ = {isa = PBXFileReference; lastKnownFileType = file; path = "Poppins-SemiBoldItalic.ttf"; sourceTree = "<group>"; };
		196DCD23261010AA0021F937 /* Poppins-ExtraBoldItalic.ttf */ = {isa = PBXFileReference; lastKnownFileType = file; path = "Poppins-ExtraBoldItalic.ttf"; sourceTree = "<group>"; };
		196DCD24261010AA0021F937 /* Poppins-ExtraLight.ttf */ = {isa = PBXFileReference; lastKnownFileType = file; path = "Poppins-ExtraLight.ttf"; sourceTree = "<group>"; };
		196DCD25261010AB0021F937 /* Poppins-Light.ttf */ = {isa = PBXFileReference; lastKnownFileType = file; path = "Poppins-Light.ttf"; sourceTree = "<group>"; };
		196DCD26261010AB0021F937 /* Poppins-Medium.ttf */ = {isa = PBXFileReference; lastKnownFileType = file; path = "Poppins-Medium.ttf"; sourceTree = "<group>"; };
		196DCD27261010AB0021F937 /* Poppins-ExtraBold.ttf */ = {isa = PBXFileReference; lastKnownFileType = file; path = "Poppins-ExtraBold.ttf"; sourceTree = "<group>"; };
		196DCD28261010AC0021F937 /* Poppins-Regular.ttf */ = {isa = PBXFileReference; lastKnownFileType = file; path = "Poppins-Regular.ttf"; sourceTree = "<group>"; };
		196DCD29261010AC0021F937 /* Poppins-SemiBold.ttf */ = {isa = PBXFileReference; lastKnownFileType = file; path = "Poppins-SemiBold.ttf"; sourceTree = "<group>"; };
		196DCD2A261010AC0021F937 /* Poppins-Thin.ttf */ = {isa = PBXFileReference; lastKnownFileType = file; path = "Poppins-Thin.ttf"; sourceTree = "<group>"; };
		196DCD2B261010AD0021F937 /* Poppins-ThinItalic.ttf */ = {isa = PBXFileReference; lastKnownFileType = file; path = "Poppins-ThinItalic.ttf"; sourceTree = "<group>"; };
		196DCD2C261010AD0021F937 /* Poppins-ExtraLightItalic.ttf */ = {isa = PBXFileReference; lastKnownFileType = file; path = "Poppins-ExtraLightItalic.ttf"; sourceTree = "<group>"; };
		1974A1FA291BEE90006B1B86 /* R.generated.swift */ = {isa = PBXFileReference; fileEncoding = 4; lastKnownFileType = sourcecode.swift; path = R.generated.swift; sourceTree = SOURCE_ROOT; };
		1989FA1026013AA50008E943 /* data.swift */ = {isa = PBXFileReference; lastKnownFileType = sourcecode.swift; path = data.swift; sourceTree = "<group>"; };
		198C459C2605F3F900461F27 /* DayPlanCardWithLeftTopOnCardTVCell.swift */ = {isa = PBXFileReference; lastKnownFileType = sourcecode.swift; path = DayPlanCardWithLeftTopOnCardTVCell.swift; sourceTree = "<group>"; };
		198C45AA26060E4200461F27 /* DisplayType.swift */ = {isa = PBXFileReference; lastKnownFileType = sourcecode.swift; path = DisplayType.swift; sourceTree = "<group>"; };
		19CDDBEA25FD789800686C09 /* GlobalTaskSettingsVC.swift */ = {isa = PBXFileReference; lastKnownFileType = sourcecode.swift; path = GlobalTaskSettingsVC.swift; sourceTree = "<group>"; };
		19CDDBED25FD7A4B00686C09 /* OnClickTVCell.swift */ = {isa = PBXFileReference; lastKnownFileType = sourcecode.swift; path = OnClickTVCell.swift; sourceTree = "<group>"; };
		19CDDBF025FD7C0E00686C09 /* AlwaysOnTVCell.swift */ = {isa = PBXFileReference; lastKnownFileType = sourcecode.swift; path = AlwaysOnTVCell.swift; sourceTree = "<group>"; };
		19CDDBF725FD885900686C09 /* NewTaskVC.swift */ = {isa = PBXFileReference; lastKnownFileType = sourcecode.swift; path = NewTaskVC.swift; sourceTree = "<group>"; };
		19DFCC7A2602537E00F00EC7 /* NewTaskNC.swift */ = {isa = PBXFileReference; lastKnownFileType = sourcecode.swift; path = NewTaskNC.swift; sourceTree = "<group>"; };
		19E7D928291C0A5E00504213 /* DayPlanCardLeftTopOnCardTableViewCell.swift */ = {isa = PBXFileReference; lastKnownFileType = sourcecode.swift; path = DayPlanCardLeftTopOnCardTableViewCell.swift; sourceTree = "<group>"; };
		19E7D929291C0A5E00504213 /* DayPlanCardLeftTopOnCardTableViewCell.xib */ = {isa = PBXFileReference; lastKnownFileType = file.xib; path = DayPlanCardLeftTopOnCardTableViewCell.xib; sourceTree = "<group>"; };
		28D54646ED27F1048CD094FF /* Pods-DayPlannerSmallWidgetsExtension.release.xcconfig */ = {isa = PBXFileReference; includeInIndex = 1; lastKnownFileType = text.xcconfig; name = "Pods-DayPlannerSmallWidgetsExtension.release.xcconfig"; path = "Target Support Files/Pods-DayPlannerSmallWidgetsExtension/Pods-DayPlannerSmallWidgetsExtension.release.xcconfig"; sourceTree = "<group>"; };
		3FEE7F855E4E6C7C5806C425 /* Pods_DayPlanner.framework */ = {isa = PBXFileReference; explicitFileType = wrapper.framework; includeInIndex = 0; path = Pods_DayPlanner.framework; sourceTree = BUILT_PRODUCTS_DIR; };
		858DBDDF9A7D8B73F73C54A7 /* Pods_DayPlannerSmallWidgetsExtension.framework */ = {isa = PBXFileReference; explicitFileType = wrapper.framework; includeInIndex = 0; path = Pods_DayPlannerSmallWidgetsExtension.framework; sourceTree = BUILT_PRODUCTS_DIR; };
		A98ED04BE62A6DAA932BD312 /* Pods-DayPlannerSmallWidgetsExtension.debug.xcconfig */ = {isa = PBXFileReference; includeInIndex = 1; lastKnownFileType = text.xcconfig; name = "Pods-DayPlannerSmallWidgetsExtension.debug.xcconfig"; path = "Target Support Files/Pods-DayPlannerSmallWidgetsExtension/Pods-DayPlannerSmallWidgetsExtension.debug.xcconfig"; sourceTree = "<group>"; };
		B00004E704895734D6C4420E /* Pods-DayPlanner.debug.xcconfig */ = {isa = PBXFileReference; includeInIndex = 1; lastKnownFileType = text.xcconfig; name = "Pods-DayPlanner.debug.xcconfig"; path = "Target Support Files/Pods-DayPlanner/Pods-DayPlanner.debug.xcconfig"; sourceTree = "<group>"; };
/* End PBXFileReference section */

/* Begin PBXFrameworksBuildPhase section */
		192895882607D7A000EC96FC /* Frameworks */ = {
			isa = PBXFrameworksBuildPhase;
			buildActionMask = 2147483647;
			files = (
				192895902607D7A000EC96FC /* SwiftUI.framework in Frameworks */,
				1928958E2607D7A000EC96FC /* WidgetKit.framework in Frameworks */,
				DD239F4DA75419E36FF82F69 /* Pods_DayPlannerSmallWidgetsExtension.framework in Frameworks */,
			);
			runOnlyForDeploymentPostprocessing = 0;
		};
		1964F6E225FC3F5500DC694B /* Frameworks */ = {
			isa = PBXFrameworksBuildPhase;
			buildActionMask = 2147483647;
			files = (
				9B9749DE48A5994F428A75A4 /* Pods_DayPlanner.framework in Frameworks */,
			);
			runOnlyForDeploymentPostprocessing = 0;
		};
/* End PBXFrameworksBuildPhase section */

/* Begin PBXGroup section */
		191B4D1E291C08EF005235A7 /* CardsCells */ = {
			isa = PBXGroup;
			children = (
				19E7D927291C0A5100504213 /* DayPlanCardLeftTopOnCardTableViewCell */,
				19FB896C291BE63500C1E19C /* AddTaskTableViewCell */,
				19FB8967291BE5FC00C1E19C /* DoneCardTableViewCell */,
			);
			path = CardsCells;
			sourceTree = "<group>";
		};
		191B4D1F291C0931005235A7 /* SettingsTableViewCell */ = {
			isa = PBXGroup;
			children = (
				191B4D20291C094C005235A7 /* SettingsTableViewCell.swift */,
				191B4D21291C094C005235A7 /* SettingsTableViewCell.xib */,
			);
			path = SettingsTableViewCell;
			sourceTree = "<group>";
		};
		1928958C2607D7A000EC96FC /* Frameworks */ = {
			isa = PBXGroup;
			children = (
				1928958D2607D7A000EC96FC /* WidgetKit.framework */,
				1928958F2607D7A000EC96FC /* SwiftUI.framework */,
				3FEE7F855E4E6C7C5806C425 /* Pods_DayPlanner.framework */,
				858DBDDF9A7D8B73F73C54A7 /* Pods_DayPlannerSmallWidgetsExtension.framework */,
			);
			name = Frameworks;
			sourceTree = "<group>";
		};
		192895912607D7A000EC96FC /* DayPlannerSmallWidgets */ = {
			isa = PBXGroup;
			children = (
				192895922607D7A000EC96FC /* DayPlannerSmallWidgets.swift */,
				192895942607D7A000EC96FC /* DayPlannerSmallWidgets.intentdefinition */,
				192895952607D7A300EC96FC /* Assets.xcassets */,
				192895972607D7A300EC96FC /* Info.plist */,
			);
			path = DayPlannerSmallWidgets;
			sourceTree = "<group>";
		};
		1964F6DC25FC3F5500DC694B = {
			isa = PBXGroup;
			children = (
				192895A32607E74B00EC96FC /* DayPlannerSmallWidgetsExtension.entitlements */,
				1964F6FE25FC44C500DC694B /* Extensions */,
				1964F6E725FC3F5500DC694B /* DayPlanner */,
				192895912607D7A000EC96FC /* DayPlannerSmallWidgets */,
				1928958C2607D7A000EC96FC /* Frameworks */,
				1964F6E625FC3F5500DC694B /* Products */,
				DD0E4BE943427870D20996B8 /* Pods */,
			);
			sourceTree = "<group>";
		};
		1964F6E625FC3F5500DC694B /* Products */ = {
			isa = PBXGroup;
			children = (
				1964F6E525FC3F5500DC694B /* DayPlanner.app */,
				1928958B2607D7A000EC96FC /* DayPlannerSmallWidgetsExtension.appex */,
			);
			name = Products;
			sourceTree = "<group>";
		};
		1964F6E725FC3F5500DC694B /* DayPlanner */ = {
			isa = PBXGroup;
			children = (
				19FBCB33260F876B00549396 /* Fonts */,
				1974A1FA291BEE90006B1B86 /* R.generated.swift */,
				19FB8962291BE54F00C1E19C /* Models */,
				19FB8963291BE55400C1E19C /* Views */,
				19FB8964291BE55E00C1E19C /* ViewModels */,
				192895A62607E76000EC96FC /* DayPlanner.entitlements */,
				198C45A126060BDF00461F27 /* TaskCardCells */,
				1964F6E825FC3F5500DC694B /* AppDelegate.swift */,
				1964F6EA25FC3F5500DC694B /* SceneDelegate.swift */,
				1964F6EC25FC3F5500DC694B /* ViewController.swift */,
				1964F6EE25FC3F5500DC694B /* Main.storyboard */,
				1964F6F125FC3F5800DC694B /* Assets.xcassets */,
				1964F6F325FC3F5800DC694B /* LaunchScreen.storyboard */,
				1964F6F625FC3F5800DC694B /* Info.plist */,
				198C45A426060C8A00461F27 /* TaskSettings */,
				198C45A326060C5400461F27 /* DataDS */,
				19CDDBF725FD885900686C09 /* NewTaskVC.swift */,
				19DFCC7A2602537E00F00EC7 /* NewTaskNC.swift */,
			);
			path = DayPlanner;
			sourceTree = "<group>";
		};
		1964F6FE25FC44C500DC694B /* Extensions */ = {
			isa = PBXGroup;
			children = (
				1964F71325FC461A00DC694B /* Shared.swift */,
				1964F71625FC462800DC694B /* SalmanLocalize.swift */,
				1964F70C25FC454E00DC694B /* EXTAlert.swift */,
				1964F70925FC454100DC694B /* EXTInternet.swift */,
				1964F71925FC479700DC694B /* style.swift */,
				1964F70625FC453100DC694B /* ExtentionLocalize.swift */,
				1964F70225FC451600DC694B /* TextField+Extention.swift */,
			);
			path = Extensions;
			sourceTree = "<group>";
		};
		1974A1FC291BF4CB006B1B86 /* Storyboards */ = {
			isa = PBXGroup;
			children = (
			);
			path = Storyboards;
			sourceTree = "<group>";
		};
		198C45A126060BDF00461F27 /* TaskCardCells */ = {
			isa = PBXGroup;
			children = (
				194BAAF125FECD9800129C23 /* DoneCardTVCell.swift */,
				1964F71C25FC55F900DC694B /* AddTaskTVCell.swift */,
				198C459C2605F3F900461F27 /* DayPlanCardWithLeftTopOnCardTVCell.swift */,
			);
			path = TaskCardCells;
			sourceTree = "<group>";
		};
		198C45A326060C5400461F27 /* DataDS */ = {
			isa = PBXGroup;
			children = (
				194BAAF825FECF3B00129C23 /* PlanCard.swift */,
				1989FA1026013AA50008E943 /* data.swift */,
				198C45AA26060E4200461F27 /* DisplayType.swift */,
			);
			path = DataDS;
			sourceTree = "<group>";
		};
		198C45A426060C8A00461F27 /* TaskSettings */ = {
			isa = PBXGroup;
			children = (
				19CDDBEA25FD789800686C09 /* GlobalTaskSettingsVC.swift */,
				19CDDBED25FD7A4B00686C09 /* OnClickTVCell.swift */,
				19CDDBF025FD7C0E00686C09 /* AlwaysOnTVCell.swift */,
			);
			path = TaskSettings;
			sourceTree = "<group>";
		};
		19E7D927291C0A5100504213 /* DayPlanCardLeftTopOnCardTableViewCell */ = {
			isa = PBXGroup;
			children = (
				19E7D928291C0A5E00504213 /* DayPlanCardLeftTopOnCardTableViewCell.swift */,
				19E7D929291C0A5E00504213 /* DayPlanCardLeftTopOnCardTableViewCell.xib */,
			);
			path = DayPlanCardLeftTopOnCardTableViewCell;
			sourceTree = "<group>";
		};
		19FB8962291BE54F00C1E19C /* Models */ = {
			isa = PBXGroup;
			children = (
			);
			path = Models;
			sourceTree = "<group>";
		};
		19FB8963291BE55400C1E19C /* Views */ = {
			isa = PBXGroup;
			children = (
				1974A1FC291BF4CB006B1B86 /* Storyboards */,
				19FB8965291BE5DA00C1E19C /* TableViewCells */,
			);
			path = Views;
			sourceTree = "<group>";
		};
		19FB8964291BE55E00C1E19C /* ViewModels */ = {
			isa = PBXGroup;
			children = (
			);
			path = ViewModels;
			sourceTree = "<group>";
		};
		19FB8965291BE5DA00C1E19C /* TableViewCells */ = {
			isa = PBXGroup;
			children = (
				191B4D1F291C0931005235A7 /* SettingsTableViewCell */,
				191B4D1E291C08EF005235A7 /* CardsCells */,
			);
			path = TableViewCells;
			sourceTree = "<group>";
		};
		19FB8967291BE5FC00C1E19C /* DoneCardTableViewCell */ = {
			isa = PBXGroup;
			children = (
				191B4D16291C0860005235A7 /* DoneCardTableViewCell.swift */,
				191B4D17291C0860005235A7 /* DoneCardTableViewCell.xib */,
			);
			path = DoneCardTableViewCell;
			sourceTree = "<group>";
		};
		19FB896C291BE63500C1E19C /* AddTaskTableViewCell */ = {
			isa = PBXGroup;
			children = (
				191B4D1B291C086E005235A7 /* AddTaskTableViewCell.swift */,
				191B4D1A291C086E005235A7 /* AddTaskTableViewCell.xib */,
			);
			path = AddTaskTableViewCell;
			sourceTree = "<group>";
		};
		19FBCB33260F876B00549396 /* Fonts */ = {
			isa = PBXGroup;
			children = (
				196DCD162610107F0021F937 /* SF-Pro-Text-Black 3.otf */,
				196DCD152610107E0021F937 /* SF-Pro-Text-Regular.otf */,
				196DCD172610107F0021F937 /* SF-Pro-Text-Semibold.otf */,
				19FBCB3D260F8C8000549396 /* Poppins */,
			);
			name = Fonts;
			path = DayPlanner/Fonts;
			sourceTree = SOURCE_ROOT;
		};
		19FBCB3D260F8C8000549396 /* Poppins */ = {
			isa = PBXGroup;
			children = (
				196DCD1A261010A80021F937 /* OFL.txt */,
				196DCD1C261010A90021F937 /* Poppins-Black.ttf */,
				196DCD1F261010A90021F937 /* Poppins-BlackItalic.ttf */,
				196DCD1E261010A90021F937 /* Poppins-Bold.ttf */,
				196DCD1D261010A90021F937 /* Poppins-BoldItalic.ttf */,
				196DCD27261010AB0021F937 /* Poppins-ExtraBold.ttf */,
				196DCD23261010AA0021F937 /* Poppins-ExtraBoldItalic.ttf */,
				196DCD24261010AA0021F937 /* Poppins-ExtraLight.ttf */,
				196DCD2C261010AD0021F937 /* Poppins-ExtraLightItalic.ttf */,
				196DCD1B261010A80021F937 /* Poppins-Italic.ttf */,
				196DCD25261010AB0021F937 /* Poppins-Light.ttf */,
				196DCD20261010AA0021F937 /* Poppins-LightItalic.ttf */,
				196DCD26261010AB0021F937 /* Poppins-Medium.ttf */,
				196DCD21261010AA0021F937 /* Poppins-MediumItalic.ttf */,
				196DCD28261010AC0021F937 /* Poppins-Regular.ttf */,
				196DCD29261010AC0021F937 /* Poppins-SemiBold.ttf */,
				196DCD22261010AA0021F937 /* Poppins-SemiBoldItalic.ttf */,
				196DCD2A261010AC0021F937 /* Poppins-Thin.ttf */,
				196DCD2B261010AD0021F937 /* Poppins-ThinItalic.ttf */,
			);
			name = Poppins;
			path = ../../../../../../../../Documents/DayPlanner/DayPlanner/Fonts/Poppins;
			sourceTree = BUILT_PRODUCTS_DIR;
		};
		DD0E4BE943427870D20996B8 /* Pods */ = {
			isa = PBXGroup;
			children = (
				B00004E704895734D6C4420E /* Pods-DayPlanner.debug.xcconfig */,
				16E6F2DFD79408925892624A /* Pods-DayPlanner.release.xcconfig */,
				A98ED04BE62A6DAA932BD312 /* Pods-DayPlannerSmallWidgetsExtension.debug.xcconfig */,
				28D54646ED27F1048CD094FF /* Pods-DayPlannerSmallWidgetsExtension.release.xcconfig */,
			);
			path = Pods;
			sourceTree = "<group>";
		};
/* End PBXGroup section */

/* Begin PBXNativeTarget section */
		1928958A2607D7A000EC96FC /* DayPlannerSmallWidgetsExtension */ = {
			isa = PBXNativeTarget;
			buildConfigurationList = 192895A02607D7A300EC96FC /* Build configuration list for PBXNativeTarget "DayPlannerSmallWidgetsExtension" */;
			buildPhases = (
				B75C091C10D5992BB0100A56 /* [CP] Check Pods Manifest.lock */,
				192895872607D7A000EC96FC /* Sources */,
				192895882607D7A000EC96FC /* Frameworks */,
				192895892607D7A000EC96FC /* Resources */,
			);
			buildRules = (
			);
			dependencies = (
			);
			name = DayPlannerSmallWidgetsExtension;
			productName = DayPlannerSmallWidgetsExtension;
			productReference = 1928958B2607D7A000EC96FC /* DayPlannerSmallWidgetsExtension.appex */;
			productType = "com.apple.product-type.app-extension";
		};
		1964F6E425FC3F5500DC694B /* DayPlanner */ = {
			isa = PBXNativeTarget;
			buildConfigurationList = 1964F6F925FC3F5800DC694B /* Build configuration list for PBXNativeTarget "DayPlanner" */;
			buildPhases = (
				17346CE44CBFDF8186ED2006 /* [CP] Check Pods Manifest.lock */,
				1974A1F7291BECA7006B1B86 /* R Script */,
				1964F6E125FC3F5500DC694B /* Sources */,
				1964F6E225FC3F5500DC694B /* Frameworks */,
				1964F6E325FC3F5500DC694B /* Resources */,
				1928959D2607D7A300EC96FC /* Embed App Extensions */,
				123B9596A52B16E95003DB64 /* [CP] Embed Pods Frameworks */,
			);
			buildRules = (
			);
			dependencies = (
				1928959B2607D7A300EC96FC /* PBXTargetDependency */,
			);
			name = DayPlanner;
			productName = DayPlanner;
			productReference = 1964F6E525FC3F5500DC694B /* DayPlanner.app */;
			productType = "com.apple.product-type.application";
		};
/* End PBXNativeTarget section */

/* Begin PBXProject section */
		1964F6DD25FC3F5500DC694B /* Project object */ = {
			isa = PBXProject;
			attributes = {
				LastSwiftUpdateCheck = 1240;
				LastUpgradeCheck = 1240;
				TargetAttributes = {
					1928958A2607D7A000EC96FC = {
						CreatedOnToolsVersion = 12.4;
					};
					1964F6E425FC3F5500DC694B = {
						CreatedOnToolsVersion = 12.4;
					};
				};
			};
			buildConfigurationList = 1964F6E025FC3F5500DC694B /* Build configuration list for PBXProject "DayPlanner" */;
			compatibilityVersion = "Xcode 9.3";
			developmentRegion = en;
			hasScannedForEncodings = 0;
			knownRegions = (
				en,
				Base,
			);
			mainGroup = 1964F6DC25FC3F5500DC694B;
			productRefGroup = 1964F6E625FC3F5500DC694B /* Products */;
			projectDirPath = "";
			projectRoot = "";
			targets = (
				1964F6E425FC3F5500DC694B /* DayPlanner */,
				1928958A2607D7A000EC96FC /* DayPlannerSmallWidgetsExtension */,
			);
		};
/* End PBXProject section */

/* Begin PBXResourcesBuildPhase section */
		192895892607D7A000EC96FC /* Resources */ = {
			isa = PBXResourcesBuildPhase;
			buildActionMask = 2147483647;
			files = (
				195508A029214720005A94C5 /* OFL.txt in Resources */,
				195508A429214720005A94C5 /* Poppins-Medium.ttf in Resources */,
				195508A329214720005A94C5 /* Poppins-Light.ttf in Resources */,
				1955089C29214720005A94C5 /* Poppins-Bold.ttf in Resources */,
				195508A629214720005A94C5 /* Poppins-SemiBold.ttf in Resources */,
				1955089E29214720005A94C5 /* Poppins-Italic.ttf in Resources */,
				195508A229214720005A94C5 /* Poppins-BlackItalic.ttf in Resources */,
				195508AC29214720005A94C5 /* Poppins-Black.ttf in Resources */,
				192895962607D7A300EC96FC /* Assets.xcassets in Resources */,
				1955089D29214720005A94C5 /* Poppins-ExtraBoldItalic.ttf in Resources */,
				195508A529214720005A94C5 /* Poppins-BoldItalic.ttf in Resources */,
				195508A729214720005A94C5 /* Poppins-MediumItalic.ttf in Resources */,
				195508A829214720005A94C5 /* Poppins-ExtraLight.ttf in Resources */,
				195508A129214720005A94C5 /* Poppins-ExtraLightItalic.ttf in Resources */,
				1955089F29214720005A94C5 /* Poppins-SemiBoldItalic.ttf in Resources */,
				195508AB29214720005A94C5 /* Poppins-LightItalic.ttf in Resources */,
				195508AA29214720005A94C5 /* Poppins-ThinItalic.ttf in Resources */,
				195508A929214720005A94C5 /* Poppins-Regular.ttf in Resources */,
				1955089B29214720005A94C5 /* Poppins-Thin.ttf in Resources */,
				195508AD29214720005A94C5 /* Poppins-ExtraBold.ttf in Resources */,
			);
			runOnlyForDeploymentPostprocessing = 0;
		};
		1964F6E325FC3F5500DC694B /* Resources */ = {
			isa = PBXResourcesBuildPhase;
			buildActionMask = 2147483647;
			files = (
				1964F6F525FC3F5800DC694B /* LaunchScreen.storyboard in Resources */,
				196DCDC3261016330021F937 /* Poppins-BlackItalic.ttf in Resources */,
				196DCDC7261016330021F937 /* Poppins-Medium.ttf in Resources */,
				196DCDCD261016330021F937 /* Poppins-Thin.ttf in Resources */,
				1964F6F225FC3F5800DC694B /* Assets.xcassets in Resources */,
				196DCDD0261016330021F937 /* Poppins-SemiBoldItalic.ttf in Resources */,
				196DCDC5261016330021F937 /* Poppins-ExtraBoldItalic.ttf in Resources */,
				1964F6F025FC3F5500DC694B /* Main.storyboard in Resources */,
				196DCDCA261016330021F937 /* Poppins-ExtraLight.ttf in Resources */,
				196DCDC8261016330021F937 /* OFL.txt in Resources */,
				196DCDC2261016330021F937 /* Poppins-ThinItalic.ttf in Resources */,
				196DCDCF261016330021F937 /* Poppins-Light.ttf in Resources */,
				191B4D19291C0860005235A7 /* DoneCardTableViewCell.xib in Resources */,
				196DCDCE261016330021F937 /* Poppins-ExtraBold.ttf in Resources */,
				196DCDC9261016330021F937 /* Poppins-Bold.ttf in Resources */,
				196DCDCC261016330021F937 /* Poppins-Italic.ttf in Resources */,
				196DCDC4261016330021F937 /* Poppins-SemiBold.ttf in Resources */,
				196DCDC0261016330021F937 /* Poppins-BoldItalic.ttf in Resources */,
				196DCDCB261016330021F937 /* Poppins-ExtraLightItalic.ttf in Resources */,
				196DCDC1261016330021F937 /* Poppins-Black.ttf in Resources */,
				191B4D1C291C086E005235A7 /* AddTaskTableViewCell.xib in Resources */,
				191B4D23291C094C005235A7 /* SettingsTableViewCell.xib in Resources */,
				196DCDD1261016330021F937 /* Poppins-MediumItalic.ttf in Resources */,
				19E7D92B291C0A5E00504213 /* DayPlanCardLeftTopOnCardTableViewCell.xib in Resources */,
				196DCDC6261016330021F937 /* Poppins-Regular.ttf in Resources */,
				196DCDD2261016330021F937 /* Poppins-LightItalic.ttf in Resources */,
			);
			runOnlyForDeploymentPostprocessing = 0;
		};
/* End PBXResourcesBuildPhase section */

/* Begin PBXShellScriptBuildPhase section */
		123B9596A52B16E95003DB64 /* [CP] Embed Pods Frameworks */ = {
			isa = PBXShellScriptBuildPhase;
			buildActionMask = 2147483647;
			files = (
			);
			inputFileListPaths = (
				"${PODS_ROOT}/Target Support Files/Pods-DayPlanner/Pods-DayPlanner-frameworks-${CONFIGURATION}-input-files.xcfilelist",
			);
			name = "[CP] Embed Pods Frameworks";
			outputFileListPaths = (
				"${PODS_ROOT}/Target Support Files/Pods-DayPlanner/Pods-DayPlanner-frameworks-${CONFIGURATION}-output-files.xcfilelist",
			);
			runOnlyForDeploymentPostprocessing = 0;
			shellPath = /bin/sh;
			shellScript = "\"${PODS_ROOT}/Target Support Files/Pods-DayPlanner/Pods-DayPlanner-frameworks.sh\"\n";
			showEnvVarsInLog = 0;
		};
		17346CE44CBFDF8186ED2006 /* [CP] Check Pods Manifest.lock */ = {
			isa = PBXShellScriptBuildPhase;
			buildActionMask = 2147483647;
			files = (
			);
			inputFileListPaths = (
			);
			inputPaths = (
				"${PODS_PODFILE_DIR_PATH}/Podfile.lock",
				"${PODS_ROOT}/Manifest.lock",
			);
			name = "[CP] Check Pods Manifest.lock";
			outputFileListPaths = (
			);
			outputPaths = (
				"$(DERIVED_FILE_DIR)/Pods-DayPlanner-checkManifestLockResult.txt",
			);
			runOnlyForDeploymentPostprocessing = 0;
			shellPath = /bin/sh;
			shellScript = "diff \"${PODS_PODFILE_DIR_PATH}/Podfile.lock\" \"${PODS_ROOT}/Manifest.lock\" > /dev/null\nif [ $? != 0 ] ; then\n    # print error to STDERR\n    echo \"error: The sandbox is not in sync with the Podfile.lock. Run 'pod install' or update your CocoaPods installation.\" >&2\n    exit 1\nfi\n# This output is used by Xcode 'outputs' to avoid re-running this script phase.\necho \"SUCCESS\" > \"${SCRIPT_OUTPUT_FILE_0}\"\n";
			showEnvVarsInLog = 0;
		};
		1974A1F7291BECA7006B1B86 /* R Script */ = {
			isa = PBXShellScriptBuildPhase;
			alwaysOutOfDate = 1;
			buildActionMask = 2147483647;
			files = (
			);
			inputFileListPaths = (
			);
			inputPaths = (
			);
			name = "R Script";
			outputFileListPaths = (
			);
			outputPaths = (
				$SRCROOT/R.generated.swift,
			);
			runOnlyForDeploymentPostprocessing = 0;
			shellPath = /bin/sh;
			shellScript = "\"$PODS_ROOT/R.swift/rswift\" generate \"$SRCROOT/R.generated.swift\"\n";
		};
		B75C091C10D5992BB0100A56 /* [CP] Check Pods Manifest.lock */ = {
			isa = PBXShellScriptBuildPhase;
			buildActionMask = 2147483647;
			files = (
			);
			inputFileListPaths = (
			);
			inputPaths = (
				"${PODS_PODFILE_DIR_PATH}/Podfile.lock",
				"${PODS_ROOT}/Manifest.lock",
			);
			name = "[CP] Check Pods Manifest.lock";
			outputFileListPaths = (
			);
			outputPaths = (
				"$(DERIVED_FILE_DIR)/Pods-DayPlannerSmallWidgetsExtension-checkManifestLockResult.txt",
			);
			runOnlyForDeploymentPostprocessing = 0;
			shellPath = /bin/sh;
			shellScript = "diff \"${PODS_PODFILE_DIR_PATH}/Podfile.lock\" \"${PODS_ROOT}/Manifest.lock\" > /dev/null\nif [ $? != 0 ] ; then\n    # print error to STDERR\n    echo \"error: The sandbox is not in sync with the Podfile.lock. Run 'pod install' or update your CocoaPods installation.\" >&2\n    exit 1\nfi\n# This output is used by Xcode 'outputs' to avoid re-running this script phase.\necho \"SUCCESS\" > \"${SCRIPT_OUTPUT_FILE_0}\"\n";
			showEnvVarsInLog = 0;
		};
/* End PBXShellScriptBuildPhase section */

/* Begin PBXSourcesBuildPhase section */
		192895872607D7A000EC96FC /* Sources */ = {
			isa = PBXSourcesBuildPhase;
			buildActionMask = 2147483647;
			files = (
				192895AF2607EA2A00EC96FC /* PlanCard.swift in Sources */,
				192895A92607EA2500EC96FC /* DisplayType.swift in Sources */,
				192895982607D7A300EC96FC /* DayPlannerSmallWidgets.intentdefinition in Sources */,
				192895932607D7A000EC96FC /* DayPlannerSmallWidgets.swift in Sources */,
				192895AC2607EA2800EC96FC /* data.swift in Sources */,
			);
			runOnlyForDeploymentPostprocessing = 0;
		};
		1964F6E125FC3F5500DC694B /* Sources */ = {
			isa = PBXSourcesBuildPhase;
			buildActionMask = 2147483647;
			files = (
				1964F71D25FC55F900DC694B /* AddTaskTVCell.swift in Sources */,
				19CDDBEE25FD7A4B00686C09 /* OnClickTVCell.swift in Sources */,
				191B4D22291C094C005235A7 /* SettingsTableViewCell.swift in Sources */,
				192895992607D7A300EC96FC /* DayPlannerSmallWidgets.intentdefinition in Sources */,
				1964F70A25FC454200DC694B /* EXTInternet.swift in Sources */,
				1964F6ED25FC3F5500DC694B /* ViewController.swift in Sources */,
				198C459D2605F3F900461F27 /* DayPlanCardWithLeftTopOnCardTVCell.swift in Sources */,
				1964F70325FC451600DC694B /* TextField+Extention.swift in Sources */,
				1964F71A25FC479700DC694B /* style.swift in Sources */,
				1964F70725FC453100DC694B /* ExtentionLocalize.swift in Sources */,
				19CDDBF825FD885900686C09 /* NewTaskVC.swift in Sources */,
				19DFCC7B2602537E00F00EC7 /* NewTaskNC.swift in Sources */,
				194BAAF925FECF3B00129C23 /* PlanCard.swift in Sources */,
				198C45AB26060E4200461F27 /* DisplayType.swift in Sources */,
				1964F6E925FC3F5500DC694B /* AppDelegate.swift in Sources */,
				19CDDBEB25FD789800686C09 /* GlobalTaskSettingsVC.swift in Sources */,
				1964F6EB25FC3F5500DC694B /* SceneDelegate.swift in Sources */,
				1964F71425FC461A00DC694B /* Shared.swift in Sources */,
				1974A1FB291BEE90006B1B86 /* R.generated.swift in Sources */,
				19CDDBF125FD7C0E00686C09 /* AlwaysOnTVCell.swift in Sources */,
				191B4D1D291C086E005235A7 /* AddTaskTableViewCell.swift in Sources */,
				1964F70D25FC454E00DC694B /* EXTAlert.swift in Sources */,
				1964F71725FC462800DC694B /* SalmanLocalize.swift in Sources */,
				191B4D18291C0860005235A7 /* DoneCardTableViewCell.swift in Sources */,
				19E7D92A291C0A5E00504213 /* DayPlanCardLeftTopOnCardTableViewCell.swift in Sources */,
				1989FA1126013AA50008E943 /* data.swift in Sources */,
				194BAAF225FECD9800129C23 /* DoneCardTVCell.swift in Sources */,
			);
			runOnlyForDeploymentPostprocessing = 0;
		};
/* End PBXSourcesBuildPhase section */

/* Begin PBXTargetDependency section */
		1928959B2607D7A300EC96FC /* PBXTargetDependency */ = {
			isa = PBXTargetDependency;
			target = 1928958A2607D7A000EC96FC /* DayPlannerSmallWidgetsExtension */;
			targetProxy = 1928959A2607D7A300EC96FC /* PBXContainerItemProxy */;
		};
/* End PBXTargetDependency section */

/* Begin PBXVariantGroup section */
		1964F6EE25FC3F5500DC694B /* Main.storyboard */ = {
			isa = PBXVariantGroup;
			children = (
				1964F6EF25FC3F5500DC694B /* Base */,
			);
			name = Main.storyboard;
			sourceTree = "<group>";
		};
		1964F6F325FC3F5800DC694B /* LaunchScreen.storyboard */ = {
			isa = PBXVariantGroup;
			children = (
				1964F6F425FC3F5800DC694B /* Base */,
			);
			name = LaunchScreen.storyboard;
			sourceTree = "<group>";
		};
/* End PBXVariantGroup section */

/* Begin XCBuildConfiguration section */
		1928959E2607D7A300EC96FC /* Debug */ = {
			isa = XCBuildConfiguration;
			baseConfigurationReference = A98ED04BE62A6DAA932BD312 /* Pods-DayPlannerSmallWidgetsExtension.debug.xcconfig */;
			buildSettings = {
				ASSETCATALOG_COMPILER_GLOBAL_ACCENT_COLOR_NAME = AccentColor;
				ASSETCATALOG_COMPILER_WIDGET_BACKGROUND_COLOR_NAME = WidgetBackground;
				CODE_SIGN_ENTITLEMENTS = DayPlannerSmallWidgetsExtension.entitlements;
				CODE_SIGN_STYLE = Automatic;
				DEVELOPMENT_TEAM = 2DQV4CFN7G;
				INFOPLIST_FILE = DayPlannerSmallWidgets/Info.plist;
				IPHONEOS_DEPLOYMENT_TARGET = 14.4;
				LD_RUNPATH_SEARCH_PATHS = (
					"$(inherited)",
					"@executable_path/Frameworks",
					"@executable_path/../../Frameworks",
				);
				PRODUCT_BUNDLE_IDENTIFIER = usamaeltmsah.DayPlanner.DayPlannerSmallWidgets;
				PRODUCT_NAME = "$(TARGET_NAME)";
				SKIP_INSTALL = YES;
				SUPPORTS_MACCATALYST = NO;
				SUPPORTS_MAC_DESIGNED_FOR_IPHONE_IPAD = YES;
				SWIFT_VERSION = 5.0;
				TARGETED_DEVICE_FAMILY = "1,2";
			};
			name = Debug;
		};
		1928959F2607D7A300EC96FC /* Release */ = {
			isa = XCBuildConfiguration;
			baseConfigurationReference = 28D54646ED27F1048CD094FF /* Pods-DayPlannerSmallWidgetsExtension.release.xcconfig */;
			buildSettings = {
				ASSETCATALOG_COMPILER_GLOBAL_ACCENT_COLOR_NAME = AccentColor;
				ASSETCATALOG_COMPILER_WIDGET_BACKGROUND_COLOR_NAME = WidgetBackground;
				CODE_SIGN_ENTITLEMENTS = DayPlannerSmallWidgetsExtension.entitlements;
				CODE_SIGN_STYLE = Automatic;
				DEVELOPMENT_TEAM = 2DQV4CFN7G;
				INFOPLIST_FILE = DayPlannerSmallWidgets/Info.plist;
				IPHONEOS_DEPLOYMENT_TARGET = 14.4;
				LD_RUNPATH_SEARCH_PATHS = (
					"$(inherited)",
					"@executable_path/Frameworks",
					"@executable_path/../../Frameworks",
				);
				PRODUCT_BUNDLE_IDENTIFIER = usamaeltmsah.DayPlanner.DayPlannerSmallWidgets;
				PRODUCT_NAME = "$(TARGET_NAME)";
				SKIP_INSTALL = YES;
				SUPPORTS_MACCATALYST = NO;
				SUPPORTS_MAC_DESIGNED_FOR_IPHONE_IPAD = YES;
				SWIFT_VERSION = 5.0;
				TARGETED_DEVICE_FAMILY = "1,2";
			};
			name = Release;
		};
		1964F6F725FC3F5800DC694B /* Debug */ = {
			isa = XCBuildConfiguration;
			buildSettings = {
				ALWAYS_SEARCH_USER_PATHS = NO;
				CLANG_ANALYZER_NONNULL = YES;
				CLANG_ANALYZER_NUMBER_OBJECT_CONVERSION = YES_AGGRESSIVE;
				CLANG_CXX_LANGUAGE_STANDARD = "gnu++14";
				CLANG_CXX_LIBRARY = "libc++";
				CLANG_ENABLE_MODULES = YES;
				CLANG_ENABLE_OBJC_ARC = YES;
				CLANG_ENABLE_OBJC_WEAK = YES;
				CLANG_WARN_BLOCK_CAPTURE_AUTORELEASING = YES;
				CLANG_WARN_BOOL_CONVERSION = YES;
				CLANG_WARN_COMMA = YES;
				CLANG_WARN_CONSTANT_CONVERSION = YES;
				CLANG_WARN_DEPRECATED_OBJC_IMPLEMENTATIONS = YES;
				CLANG_WARN_DIRECT_OBJC_ISA_USAGE = YES_ERROR;
				CLANG_WARN_DOCUMENTATION_COMMENTS = YES;
				CLANG_WARN_EMPTY_BODY = YES;
				CLANG_WARN_ENUM_CONVERSION = YES;
				CLANG_WARN_INFINITE_RECURSION = YES;
				CLANG_WARN_INT_CONVERSION = YES;
				CLANG_WARN_NON_LITERAL_NULL_CONVERSION = YES;
				CLANG_WARN_OBJC_IMPLICIT_RETAIN_SELF = YES;
				CLANG_WARN_OBJC_LITERAL_CONVERSION = YES;
				CLANG_WARN_OBJC_ROOT_CLASS = YES_ERROR;
				CLANG_WARN_QUOTED_INCLUDE_IN_FRAMEWORK_HEADER = YES;
				CLANG_WARN_RANGE_LOOP_ANALYSIS = YES;
				CLANG_WARN_STRICT_PROTOTYPES = YES;
				CLANG_WARN_SUSPICIOUS_MOVE = YES;
				CLANG_WARN_UNGUARDED_AVAILABILITY = YES_AGGRESSIVE;
				CLANG_WARN_UNREACHABLE_CODE = YES;
				CLANG_WARN__DUPLICATE_METHOD_MATCH = YES;
				COPY_PHASE_STRIP = NO;
				DEBUG_INFORMATION_FORMAT = dwarf;
				ENABLE_STRICT_OBJC_MSGSEND = YES;
				ENABLE_TESTABILITY = YES;
				GCC_C_LANGUAGE_STANDARD = gnu11;
				GCC_DYNAMIC_NO_PIC = NO;
				GCC_NO_COMMON_BLOCKS = YES;
				GCC_OPTIMIZATION_LEVEL = 0;
				GCC_PREPROCESSOR_DEFINITIONS = (
					"DEBUG=1",
					"$(inherited)",
				);
				GCC_WARN_64_TO_32_BIT_CONVERSION = YES;
				GCC_WARN_ABOUT_RETURN_TYPE = YES_ERROR;
				GCC_WARN_UNDECLARED_SELECTOR = YES;
				GCC_WARN_UNINITIALIZED_AUTOS = YES_AGGRESSIVE;
				GCC_WARN_UNUSED_FUNCTION = YES;
				GCC_WARN_UNUSED_VARIABLE = YES;
				IPHONEOS_DEPLOYMENT_TARGET = 14.4;
				MTL_ENABLE_DEBUG_INFO = INCLUDE_SOURCE;
				MTL_FAST_MATH = YES;
				ONLY_ACTIVE_ARCH = YES;
				SDKROOT = iphoneos;
				SWIFT_ACTIVE_COMPILATION_CONDITIONS = DEBUG;
				SWIFT_OPTIMIZATION_LEVEL = "-Onone";
			};
			name = Debug;
		};
		1964F6F825FC3F5800DC694B /* Release */ = {
			isa = XCBuildConfiguration;
			buildSettings = {
				ALWAYS_SEARCH_USER_PATHS = NO;
				CLANG_ANALYZER_NONNULL = YES;
				CLANG_ANALYZER_NUMBER_OBJECT_CONVERSION = YES_AGGRESSIVE;
				CLANG_CXX_LANGUAGE_STANDARD = "gnu++14";
				CLANG_CXX_LIBRARY = "libc++";
				CLANG_ENABLE_MODULES = YES;
				CLANG_ENABLE_OBJC_ARC = YES;
				CLANG_ENABLE_OBJC_WEAK = YES;
				CLANG_WARN_BLOCK_CAPTURE_AUTORELEASING = YES;
				CLANG_WARN_BOOL_CONVERSION = YES;
				CLANG_WARN_COMMA = YES;
				CLANG_WARN_CONSTANT_CONVERSION = YES;
				CLANG_WARN_DEPRECATED_OBJC_IMPLEMENTATIONS = YES;
				CLANG_WARN_DIRECT_OBJC_ISA_USAGE = YES_ERROR;
				CLANG_WARN_DOCUMENTATION_COMMENTS = YES;
				CLANG_WARN_EMPTY_BODY = YES;
				CLANG_WARN_ENUM_CONVERSION = YES;
				CLANG_WARN_INFINITE_RECURSION = YES;
				CLANG_WARN_INT_CONVERSION = YES;
				CLANG_WARN_NON_LITERAL_NULL_CONVERSION = YES;
				CLANG_WARN_OBJC_IMPLICIT_RETAIN_SELF = YES;
				CLANG_WARN_OBJC_LITERAL_CONVERSION = YES;
				CLANG_WARN_OBJC_ROOT_CLASS = YES_ERROR;
				CLANG_WARN_QUOTED_INCLUDE_IN_FRAMEWORK_HEADER = YES;
				CLANG_WARN_RANGE_LOOP_ANALYSIS = YES;
				CLANG_WARN_STRICT_PROTOTYPES = YES;
				CLANG_WARN_SUSPICIOUS_MOVE = YES;
				CLANG_WARN_UNGUARDED_AVAILABILITY = YES_AGGRESSIVE;
				CLANG_WARN_UNREACHABLE_CODE = YES;
				CLANG_WARN__DUPLICATE_METHOD_MATCH = YES;
				COPY_PHASE_STRIP = NO;
				DEBUG_INFORMATION_FORMAT = "dwarf-with-dsym";
				ENABLE_NS_ASSERTIONS = NO;
				ENABLE_STRICT_OBJC_MSGSEND = YES;
				GCC_C_LANGUAGE_STANDARD = gnu11;
				GCC_NO_COMMON_BLOCKS = YES;
				GCC_WARN_64_TO_32_BIT_CONVERSION = YES;
				GCC_WARN_ABOUT_RETURN_TYPE = YES_ERROR;
				GCC_WARN_UNDECLARED_SELECTOR = YES;
				GCC_WARN_UNINITIALIZED_AUTOS = YES_AGGRESSIVE;
				GCC_WARN_UNUSED_FUNCTION = YES;
				GCC_WARN_UNUSED_VARIABLE = YES;
				IPHONEOS_DEPLOYMENT_TARGET = 14.4;
				MTL_ENABLE_DEBUG_INFO = NO;
				MTL_FAST_MATH = YES;
				SDKROOT = iphoneos;
				SWIFT_COMPILATION_MODE = wholemodule;
				SWIFT_OPTIMIZATION_LEVEL = "-O";
				VALIDATE_PRODUCT = YES;
			};
			name = Release;
		};
		1964F6FA25FC3F5800DC694B /* Debug */ = {
			isa = XCBuildConfiguration;
			baseConfigurationReference = B00004E704895734D6C4420E /* Pods-DayPlanner.debug.xcconfig */;
			buildSettings = {
				ALWAYS_EMBED_SWIFT_STANDARD_LIBRARIES = YES;
				ASSETCATALOG_COMPILER_APPICON_NAME = AppIcon;
				ASSETCATALOG_COMPILER_GLOBAL_ACCENT_COLOR_NAME = AccentColor;
				CODE_SIGN_ENTITLEMENTS = DayPlanner/DayPlanner.entitlements;
				CODE_SIGN_STYLE = Automatic;
				DEVELOPMENT_TEAM = 2DQV4CFN7G;
				INFOPLIST_FILE = DayPlanner/Info.plist;
				LD_RUNPATH_SEARCH_PATHS = (
					"$(inherited)",
					"@executable_path/Frameworks",
				);
				PRODUCT_BUNDLE_IDENTIFIER = usamaeltmsah.DayPlanner;
				PRODUCT_NAME = "$(TARGET_NAME)";
				SWIFT_VERSION = 5.0;
				TARGETED_DEVICE_FAMILY = "1,2";
			};
			name = Debug;
		};
		1964F6FB25FC3F5800DC694B /* Release */ = {
			isa = XCBuildConfiguration;
			baseConfigurationReference = 16E6F2DFD79408925892624A /* Pods-DayPlanner.release.xcconfig */;
			buildSettings = {
				ALWAYS_EMBED_SWIFT_STANDARD_LIBRARIES = YES;
				ASSETCATALOG_COMPILER_APPICON_NAME = AppIcon;
				ASSETCATALOG_COMPILER_GLOBAL_ACCENT_COLOR_NAME = AccentColor;
				CODE_SIGN_ENTITLEMENTS = DayPlanner/DayPlanner.entitlements;
				CODE_SIGN_STYLE = Automatic;
				DEVELOPMENT_TEAM = 2DQV4CFN7G;
				INFOPLIST_FILE = DayPlanner/Info.plist;
				LD_RUNPATH_SEARCH_PATHS = (
					"$(inherited)",
					"@executable_path/Frameworks",
				);
				PRODUCT_BUNDLE_IDENTIFIER = usamaeltmsah.DayPlanner;
				PRODUCT_NAME = "$(TARGET_NAME)";
				SWIFT_VERSION = 5.0;
				TARGETED_DEVICE_FAMILY = "1,2";
			};
			name = Release;
		};
/* End XCBuildConfiguration section */

/* Begin XCConfigurationList section */
		192895A02607D7A300EC96FC /* Build configuration list for PBXNativeTarget "DayPlannerSmallWidgetsExtension" */ = {
			isa = XCConfigurationList;
			buildConfigurations = (
				1928959E2607D7A300EC96FC /* Debug */,
				1928959F2607D7A300EC96FC /* Release */,
			);
			defaultConfigurationIsVisible = 0;
			defaultConfigurationName = Release;
		};
		1964F6E025FC3F5500DC694B /* Build configuration list for PBXProject "DayPlanner" */ = {
			isa = XCConfigurationList;
			buildConfigurations = (
				1964F6F725FC3F5800DC694B /* Debug */,
				1964F6F825FC3F5800DC694B /* Release */,
			);
			defaultConfigurationIsVisible = 0;
			defaultConfigurationName = Release;
		};
		1964F6F925FC3F5800DC694B /* Build configuration list for PBXNativeTarget "DayPlanner" */ = {
			isa = XCConfigurationList;
			buildConfigurations = (
				1964F6FA25FC3F5800DC694B /* Debug */,
				1964F6FB25FC3F5800DC694B /* Release */,
			);
			defaultConfigurationIsVisible = 0;
			defaultConfigurationName = Release;
		};
/* End XCConfigurationList section */
	};
	rootObject = 1964F6DD25FC3F5500DC694B /* Project object */;
}
